
Microsoft Visual Studio Solution File, Format Version 12.00
# Visual Studio Version 16
VisualStudioVersion = 16.0.32002.261
MinimumVisualStudioVersion = 10.0.40219.1
Project("{159641D6-6404-4A2A-AE62-294DE0FE8301}") = "WMSNSK", "WMSNSK\WMSNSK.dtproj", "{E0FA6B71-ECE9-4D3C-8521-E61B164B149F}"
EndProject
Global
	GlobalSection(SolutionConfigurationPlatforms) = preSolution
		Development|Default = Development|Default
	EndGlobalSection
	GlobalSection(ProjectConfigurationPlatforms) = postSolution
		{E0FA6B71-ECE9-4D3C-8521-E61B164B149F}.Development|Default.ActiveCfg = Development
		{E0FA6B71-ECE9-4D3C-8521-E61B164B149F}.Development|Default.Build.0 = Development
	EndGlobalSection
	GlobalSection(SolutionProperties) = preSolution
		HideSolutionNode = FALSE
	EndGlobalSection
	GlobalSection(ExtensibilityGlobals) = postSolution
		SolutionGuid = {F7F66A40-D259-4440-8100-5AFC2C03B8D2}
	EndGlobalSection
EndGlobal
