
Microsoft Visual Studio Solution File, Format Version 12.00
# Visual Studio Version 16
VisualStudioVersion = 16.0.32002.261
MinimumVisualStudioVersion = 10.0.40219.1
Project("{D2ABAB84-BF74-430A-B69E-9DC6D40DDA17}") = "Relef(RZN-OLAP2)", "<Server=10.50.0.89;Database=MultidimensionalProject1;>", "{83346E51-B711-4C81-8C7D-27C55A36201E}"
EndProject
Global
	GlobalSection(SolutionConfigurationPlatforms) = preSolution
		Development|Default = Development|Default
	EndGlobalSection
	GlobalSection(ProjectConfigurationPlatforms) = postSolution
		{83346E51-B711-4C81-8C7D-27C55A36201E}.Development|Default.ActiveCfg = Development
	EndGlobalSection
	GlobalSection(SolutionProperties) = preSolution
		HideSolutionNode = FALSE
	EndGlobalSection
	GlobalSection(ExtensibilityGlobals) = postSolution
		SolutionGuid = {3EDFF773-6EC8-48FD-8C27-E4F18E14AC75}
	EndGlobalSection
EndGlobal
