
Microsoft Visual Studio Solution File, Format Version 12.00
# Visual Studio Version 16
VisualStudioVersion = 16.0.32002.261
MinimumVisualStudioVersion = 10.0.40219.1
Project("{D2ABAB84-BF74-430A-B69E-9DC6D40DDA17}") = "WMSKZN(RZN-OLAP2)", "<Server=10.50.0.89;Database=WMSKZN;>", "{819CEBDB-6F64-4CE5-95EB-DEC00779E387}"
EndProject
Global
	GlobalSection(SolutionConfigurationPlatforms) = preSolution
		Development|Default = Development|Default
	EndGlobalSection
	GlobalSection(ProjectConfigurationPlatforms) = postSolution
		{819CEBDB-6F64-4CE5-95EB-DEC00779E387}.Development|Default.ActiveCfg = Development
	EndGlobalSection
	GlobalSection(SolutionProperties) = preSolution
		HideSolutionNode = FALSE
	EndGlobalSection
	GlobalSection(ExtensibilityGlobals) = postSolution
		SolutionGuid = {28E57C0A-7C12-4CDE-B582-35EDE575E996}
	EndGlobalSection
EndGlobal
