
Microsoft Visual Studio Solution File, Format Version 12.00
# Visual Studio Version 16
VisualStudioVersion = 16.0.32002.261
MinimumVisualStudioVersion = 10.0.40219.1
Project("{D2ABAB84-BF74-430A-B69E-9DC6D40DDA17}") = "UprBuh", "UprBuh\UprBuh.dwproj", "{B9E76190-5681-4897-AEBE-775E62DA294E}"
EndProject
Global
	GlobalSection(SolutionConfigurationPlatforms) = preSolution
		Development|Default = Development|Default
	EndGlobalSection
	GlobalSection(ProjectConfigurationPlatforms) = postSolution
		{B9E76190-5681-4897-AEBE-775E62DA294E}.Development|Default.ActiveCfg = Development
		{B9E76190-5681-4897-AEBE-775E62DA294E}.Development|Default.Build.0 = Development
		{B9E76190-5681-4897-AEBE-775E62DA294E}.Development|Default.Deploy.0 = Development
	EndGlobalSection
	GlobalSection(SolutionProperties) = preSolution
		HideSolutionNode = FALSE
	EndGlobalSection
	GlobalSection(ExtensibilityGlobals) = postSolution
		SolutionGuid = {8538CF79-3CEF-4BEB-A37C-2DA3BF1DC9BF}
	EndGlobalSection
EndGlobal
