
Microsoft Visual Studio Solution File, Format Version 12.00
# Visual Studio Version 16
VisualStudioVersion = 16.0.32002.261
MinimumVisualStudioVersion = 10.0.40219.1
Project("{159641D6-6404-4A2A-AE62-294DE0FE8301}") = "knd", "knd\knd.dtproj", "{1615CD53-D400-4313-8EB6-D4C79406727C}"
EndProject
Global
	GlobalSection(SolutionConfigurationPlatforms) = preSolution
		Development|Default = Development|Default
	EndGlobalSection
	GlobalSection(ProjectConfigurationPlatforms) = postSolution
		{1615CD53-D400-4313-8EB6-D4C79406727C}.Development|Default.ActiveCfg = Development
		{1615CD53-D400-4313-8EB6-D4C79406727C}.Development|Default.Build.0 = Development
	EndGlobalSection
	GlobalSection(SolutionProperties) = preSolution
		HideSolutionNode = FALSE
	EndGlobalSection
	GlobalSection(ExtensibilityGlobals) = postSolution
		SolutionGuid = {09E77708-C578-4940-83DF-92CE77A17A7B}
	EndGlobalSection
EndGlobal
