
Microsoft Visual Studio Solution File, Format Version 12.00
# Visual Studio Version 16
VisualStudioVersion = 16.0.32002.261
MinimumVisualStudioVersion = 10.0.40219.1
Project("{159641D6-6404-4A2A-AE62-294DE0FE8301}") = "WMS", "WMS\WMS.dtproj", "{0FF0F840-B46A-4B4B-9C88-06305266A718}"
EndProject
Global
	GlobalSection(SolutionConfigurationPlatforms) = preSolution
		Development|Default = Development|Default
	EndGlobalSection
	GlobalSection(ProjectConfigurationPlatforms) = postSolution
		{0FF0F840-B46A-4B4B-9C88-06305266A718}.Development|Default.ActiveCfg = Development
		{0FF0F840-B46A-4B4B-9C88-06305266A718}.Development|Default.Build.0 = Development
	EndGlobalSection
	GlobalSection(SolutionProperties) = preSolution
		HideSolutionNode = FALSE
	EndGlobalSection
	GlobalSection(ExtensibilityGlobals) = postSolution
		SolutionGuid = {781F351B-87C4-4154-81B7-78B385EC0FE9}
	EndGlobalSection
EndGlobal
