
Microsoft Visual Studio Solution File, Format Version 12.00
# Visual Studio Version 16
VisualStudioVersion = 16.0.32002.261
MinimumVisualStudioVersion = 10.0.40219.1
Project("{D2ABAB84-BF74-430A-B69E-9DC6D40DDA17}") = "140", "140\140.dwproj", "{1F2EEA9E-7D3D-4D29-986B-7C8623215BA7}"
EndProject
Global
	GlobalSection(SolutionConfigurationPlatforms) = preSolution
		Development|Default = Development|Default
	EndGlobalSection
	GlobalSection(ProjectConfigurationPlatforms) = postSolution
		{1F2EEA9E-7D3D-4D29-986B-7C8623215BA7}.Development|Default.ActiveCfg = Development
		{1F2EEA9E-7D3D-4D29-986B-7C8623215BA7}.Development|Default.Build.0 = Development
		{1F2EEA9E-7D3D-4D29-986B-7C8623215BA7}.Development|Default.Deploy.0 = Development
	EndGlobalSection
	GlobalSection(SolutionProperties) = preSolution
		HideSolutionNode = FALSE
	EndGlobalSection
	GlobalSection(ExtensibilityGlobals) = postSolution
		SolutionGuid = {6AF42B7F-C5CB-4C32-8619-A09738C07FBB}
	EndGlobalSection
EndGlobal
