
Microsoft Visual Studio Solution File, Format Version 12.00
# Visual Studio Version 16
VisualStudioVersion = 16.0.32002.261
MinimumVisualStudioVersion = 10.0.40219.1
Project("{159641D6-6404-4A2A-AE62-294DE0FE8301}") = "UnusualCubes", "UnusualCubes\UnusualCubes.dtproj", "{E5B5C306-9790-4409-B76F-CDDAE2BC0608}"
EndProject
Global
	GlobalSection(SolutionConfigurationPlatforms) = preSolution
		Development|Default = Development|Default
	EndGlobalSection
	GlobalSection(ProjectConfigurationPlatforms) = postSolution
		{E5B5C306-9790-4409-B76F-CDDAE2BC0608}.Development|Default.ActiveCfg = Development
		{E5B5C306-9790-4409-B76F-CDDAE2BC0608}.Development|Default.Build.0 = Development
	EndGlobalSection
	GlobalSection(SolutionProperties) = preSolution
		HideSolutionNode = FALSE
	EndGlobalSection
	GlobalSection(ExtensibilityGlobals) = postSolution
		SolutionGuid = {B7AAF52E-9D16-4E72-82AF-D6853339ED7E}
	EndGlobalSection
EndGlobal
