
Microsoft Visual Studio Solution File, Format Version 12.00
# Visual Studio Version 16
VisualStudioVersion = 16.0.32002.261
MinimumVisualStudioVersion = 10.0.40219.1
Project("{159641D6-6404-4A2A-AE62-294DE0FE8301}") = "BG_ETL", "BG_ETL\BG_ETL.dtproj", "{CCE0C756-211B-4C86-9FE5-B1FC486E9149}"
EndProject
Global
	GlobalSection(SolutionConfigurationPlatforms) = preSolution
		Development|Default = Development|Default
	EndGlobalSection
	GlobalSection(ProjectConfigurationPlatforms) = postSolution
		{CCE0C756-211B-4C86-9FE5-B1FC486E9149}.Development|Default.ActiveCfg = Development
		{CCE0C756-211B-4C86-9FE5-B1FC486E9149}.Development|Default.Build.0 = Development
	EndGlobalSection
	GlobalSection(SolutionProperties) = preSolution
		HideSolutionNode = FALSE
	EndGlobalSection
	GlobalSection(ExtensibilityGlobals) = postSolution
		SolutionGuid = {5674F338-D68E-4D65-9E1C-02F36865BF4C}
	EndGlobalSection
EndGlobal
