
Microsoft Visual Studio Solution File, Format Version 12.00
# Visual Studio Version 16
VisualStudioVersion = 16.0.32002.261
MinimumVisualStudioVersion = 10.0.40219.1
Project("{D2ABAB84-BF74-430A-B69E-9DC6D40DDA17}") = "relef918", "relef918\relef918.dwproj", "{DE9FBF3B-43A1-437F-B004-FB39A4FC6AEA}"
EndProject
Global
	GlobalSection(SolutionConfigurationPlatforms) = preSolution
		Development|Default = Development|Default
	EndGlobalSection
	GlobalSection(ProjectConfigurationPlatforms) = postSolution
		{DE9FBF3B-43A1-437F-B004-FB39A4FC6AEA}.Development|Default.ActiveCfg = Development
		{DE9FBF3B-43A1-437F-B004-FB39A4FC6AEA}.Development|Default.Build.0 = Development
		{DE9FBF3B-43A1-437F-B004-FB39A4FC6AEA}.Development|Default.Deploy.0 = Development
	EndGlobalSection
	GlobalSection(SolutionProperties) = preSolution
		HideSolutionNode = FALSE
	EndGlobalSection
	GlobalSection(ExtensibilityGlobals) = postSolution
		SolutionGuid = {66BC25B9-7BD5-4D07-80D1-FF87C9F070BD}
	EndGlobalSection
EndGlobal
